
Microsoft Visual Studio Solution File, Format Version 12.00
# Visual Studio Version 16
VisualStudioVersion = 16.0.30114.105
MinimumVisualStudioVersion = 10.0.40219.1
Project("{FAE04EC0-301F-11D3-BF4B-00C04F79EFBC}") = "ScreenFilter", "ScreenFilter.csproj", "{87B706B7-3EE3-4EF3-8671-A4AC74C93CFF}"
EndProject
Global
	GlobalSection(SolutionConfigurationPlatforms) = preSolution
		Debug|Any CPU = Debug|Any CPU
		Release|Any CPU = Release|Any CPU
	EndGlobalSection
	GlobalSection(ProjectConfigurationPlatforms) = postSolution
		{87B706B7-3EE3-4EF3-8671-A4AC74C93CFF}.Debug|Any CPU.ActiveCfg = Debug|Any CPU
		{87B706B7-3EE3-4EF3-8671-A4AC74C93CFF}.Debug|Any CPU.Build.0 = Debug|Any CPU
		{87B706B7-3EE3-4EF3-8671-A4AC74C93CFF}.Release|Any CPU.ActiveCfg = Release|Any CPU
		{87B706B7-3EE3-4EF3-8671-A4AC74C93CFF}.Release|Any CPU.Build.0 = Release|Any CPU
	EndGlobalSection
	GlobalSection(SolutionProperties) = preSolution
		HideSolutionNode = FALSE
	EndGlobalSection
	GlobalSection(ExtensibilityGlobals) = postSolution
		SolutionGuid = {2E40041A-C016-4C6E-B77D-3C1704E4362E}
	EndGlobalSection
EndGlobal
